
Microsoft Visual Studio Solution File, Format Version 12.00
# Visual Studio Version 16
VisualStudioVersion = 16.0.29418.71
MinimumVisualStudioVersion = 10.0.40219.1
Project("{9A19103F-16F7-4668-BE54-9A1E7A4F7556}") = "WebApplication1", "WebApplication1\WebApplication1.csproj", "{B13138E3-E7C7-4542-952E-6A3CF52C23D8}"
EndProject
Project("{FAE04EC0-301F-11D3-BF4B-00C04F79EFBC}") = "WebApplication1Tests", "WebApplication1Tests\WebApplication1Tests.csproj", "{095B01E3-A8BA-4257-98B6-C8C23A42F6EC}"
EndProject
Global
	GlobalSection(SolutionConfigurationPlatforms) = preSolution
		Debug|Any CPU = Debug|Any CPU
		Release|Any CPU = Release|Any CPU
	EndGlobalSection
	GlobalSection(ProjectConfigurationPlatforms) = postSolution
		{B13138E3-E7C7-4542-952E-6A3CF52C23D8}.Debug|Any CPU.ActiveCfg = Debug|Any CPU
		{B13138E3-E7C7-4542-952E-6A3CF52C23D8}.Debug|Any CPU.Build.0 = Debug|Any CPU
		{B13138E3-E7C7-4542-952E-6A3CF52C23D8}.Release|Any CPU.ActiveCfg = Release|Any CPU
		{B13138E3-E7C7-4542-952E-6A3CF52C23D8}.Release|Any CPU.Build.0 = Release|Any CPU
		{095B01E3-A8BA-4257-98B6-C8C23A42F6EC}.Debug|Any CPU.ActiveCfg = Debug|Any CPU
		{095B01E3-A8BA-4257-98B6-C8C23A42F6EC}.Debug|Any CPU.Build.0 = Debug|Any CPU
		{095B01E3-A8BA-4257-98B6-C8C23A42F6EC}.Release|Any CPU.ActiveCfg = Release|Any CPU
		{095B01E3-A8BA-4257-98B6-C8C23A42F6EC}.Release|Any CPU.Build.0 = Release|Any CPU
	EndGlobalSection
	GlobalSection(SolutionProperties) = preSolution
		HideSolutionNode = FALSE
	EndGlobalSection
	GlobalSection(ExtensibilityGlobals) = postSolution
		SolutionGuid = {06CE414A-E186-4B29-B5C3-1A5999A90D67}
	EndGlobalSection
EndGlobal
